
Microsoft Visual Studio Solution File, Format Version 12.00
# Visual Studio Version 16
VisualStudioVersion = 16.0.31112.23
MinimumVisualStudioVersion = 10.0.40219.1
Project("{FAE04EC0-301F-11D3-BF4B-00C04F79EFBC}") = "001_Extansion", "001_Extansion\001_Extansion.csproj", "{2A98D020-B6FD-4A2C-9E49-1B8722AD1C63}"
EndProject
Project("{FAE04EC0-301F-11D3-BF4B-00C04F79EFBC}") = "002_Extension", "002_Extension\002_Extension.csproj", "{C8602ABC-1E44-4F1D-B8DE-983A66B51C4C}"
EndProject
Project("{FAE04EC0-301F-11D3-BF4B-00C04F79EFBC}") = "003_Extension", "0003_Extension\003_Extension.csproj", "{43218030-98F5-4D15-BE71-3F84BB713F89}"
EndProject
Project("{FAE04EC0-301F-11D3-BF4B-00C04F79EFBC}") = "004_Extension", "004_Extension\004_Extension.csproj", "{70F03176-850E-4142-8780-DE91988D43A6}"
EndProject
Project("{FAE04EC0-301F-11D3-BF4B-00C04F79EFBC}") = "005_Extension", "005_Extension\005_Extension.csproj", "{1006A188-BBF5-4BFB-8473-D462D21FBA3E}"
EndProject
Global
	GlobalSection(SolutionConfigurationPlatforms) = preSolution
		Debug|Any CPU = Debug|Any CPU
		Release|Any CPU = Release|Any CPU
	EndGlobalSection
	GlobalSection(ProjectConfigurationPlatforms) = postSolution
		{2A98D020-B6FD-4A2C-9E49-1B8722AD1C63}.Debug|Any CPU.ActiveCfg = Debug|Any CPU
		{2A98D020-B6FD-4A2C-9E49-1B8722AD1C63}.Debug|Any CPU.Build.0 = Debug|Any CPU
		{2A98D020-B6FD-4A2C-9E49-1B8722AD1C63}.Release|Any CPU.ActiveCfg = Release|Any CPU
		{2A98D020-B6FD-4A2C-9E49-1B8722AD1C63}.Release|Any CPU.Build.0 = Release|Any CPU
		{C8602ABC-1E44-4F1D-B8DE-983A66B51C4C}.Debug|Any CPU.ActiveCfg = Debug|Any CPU
		{C8602ABC-1E44-4F1D-B8DE-983A66B51C4C}.Debug|Any CPU.Build.0 = Debug|Any CPU
		{C8602ABC-1E44-4F1D-B8DE-983A66B51C4C}.Release|Any CPU.ActiveCfg = Release|Any CPU
		{C8602ABC-1E44-4F1D-B8DE-983A66B51C4C}.Release|Any CPU.Build.0 = Release|Any CPU
		{43218030-98F5-4D15-BE71-3F84BB713F89}.Debug|Any CPU.ActiveCfg = Debug|Any CPU
		{43218030-98F5-4D15-BE71-3F84BB713F89}.Debug|Any CPU.Build.0 = Debug|Any CPU
		{43218030-98F5-4D15-BE71-3F84BB713F89}.Release|Any CPU.ActiveCfg = Release|Any CPU
		{43218030-98F5-4D15-BE71-3F84BB713F89}.Release|Any CPU.Build.0 = Release|Any CPU
		{70F03176-850E-4142-8780-DE91988D43A6}.Debug|Any CPU.ActiveCfg = Debug|Any CPU
		{70F03176-850E-4142-8780-DE91988D43A6}.Debug|Any CPU.Build.0 = Debug|Any CPU
		{70F03176-850E-4142-8780-DE91988D43A6}.Release|Any CPU.ActiveCfg = Release|Any CPU
		{70F03176-850E-4142-8780-DE91988D43A6}.Release|Any CPU.Build.0 = Release|Any CPU
		{1006A188-BBF5-4BFB-8473-D462D21FBA3E}.Debug|Any CPU.ActiveCfg = Debug|Any CPU
		{1006A188-BBF5-4BFB-8473-D462D21FBA3E}.Debug|Any CPU.Build.0 = Debug|Any CPU
		{1006A188-BBF5-4BFB-8473-D462D21FBA3E}.Release|Any CPU.ActiveCfg = Release|Any CPU
		{1006A188-BBF5-4BFB-8473-D462D21FBA3E}.Release|Any CPU.Build.0 = Release|Any CPU
	EndGlobalSection
	GlobalSection(SolutionProperties) = preSolution
		HideSolutionNode = FALSE
	EndGlobalSection
	GlobalSection(ExtensibilityGlobals) = postSolution
		SolutionGuid = {950FA33A-913D-4962-BFCC-13F0F506E28C}
	EndGlobalSection
EndGlobal
