
Microsoft Visual Studio Solution File, Format Version 12.00
# Visual Studio Version 16
VisualStudioVersion = 16.0.31112.23
MinimumVisualStudioVersion = 10.0.40219.1
Project("{FAE04EC0-301F-11D3-BF4B-00C04F79EFBC}") = "001_Indexers", "001_Indexers\001_Indexers.csproj", "{EE72E6FB-8ECD-4D5E-BFA3-62B671132BB6}"
EndProject
Project("{FAE04EC0-301F-11D3-BF4B-00C04F79EFBC}") = "002_Indexers", "..\002_Indexers\002_Indexers.csproj", "{49F6EEC9-464C-4F1F-94CE-2E83B131E207}"
EndProject
Global
	GlobalSection(SolutionConfigurationPlatforms) = preSolution
		Debug|Any CPU = Debug|Any CPU
		Release|Any CPU = Release|Any CPU
	EndGlobalSection
	GlobalSection(ProjectConfigurationPlatforms) = postSolution
		{EE72E6FB-8ECD-4D5E-BFA3-62B671132BB6}.Debug|Any CPU.ActiveCfg = Debug|Any CPU
		{EE72E6FB-8ECD-4D5E-BFA3-62B671132BB6}.Debug|Any CPU.Build.0 = Debug|Any CPU
		{EE72E6FB-8ECD-4D5E-BFA3-62B671132BB6}.Release|Any CPU.ActiveCfg = Release|Any CPU
		{EE72E6FB-8ECD-4D5E-BFA3-62B671132BB6}.Release|Any CPU.Build.0 = Release|Any CPU
		{49F6EEC9-464C-4F1F-94CE-2E83B131E207}.Debug|Any CPU.ActiveCfg = Debug|Any CPU
		{49F6EEC9-464C-4F1F-94CE-2E83B131E207}.Debug|Any CPU.Build.0 = Debug|Any CPU
		{49F6EEC9-464C-4F1F-94CE-2E83B131E207}.Release|Any CPU.ActiveCfg = Release|Any CPU
		{49F6EEC9-464C-4F1F-94CE-2E83B131E207}.Release|Any CPU.Build.0 = Release|Any CPU
	EndGlobalSection
	GlobalSection(SolutionProperties) = preSolution
		HideSolutionNode = FALSE
	EndGlobalSection
	GlobalSection(ExtensibilityGlobals) = postSolution
		SolutionGuid = {B6E658F3-B178-42EC-BB19-1BA156B669D7}
	EndGlobalSection
EndGlobal
