
Microsoft Visual Studio Solution File, Format Version 12.00
# Visual Studio Version 16
VisualStudioVersion = 16.0.31112.23
MinimumVisualStudioVersion = 10.0.40219.1
Project("{FAE04EC0-301F-11D3-BF4B-00C04F79EFBC}") = "001_Static", "001_Static\001_Static.csproj", "{FB765A9B-72E5-4ED2-A5D6-EA827A756BB1}"
EndProject
Project("{FAE04EC0-301F-11D3-BF4B-00C04F79EFBC}") = "002_Static", "002_Static\002_Static.csproj", "{B5CDD80B-B77E-49C7-8362-DF8218C41997}"
EndProject
Project("{FAE04EC0-301F-11D3-BF4B-00C04F79EFBC}") = "003_Constant", "003_Constant\003_Constant.csproj", "{599F374B-5457-4E7A-9106-396DD336F8E4}"
EndProject
Project("{FAE04EC0-301F-11D3-BF4B-00C04F79EFBC}") = "004_Static", "004_Static\004_Static.csproj", "{8A2D4D1B-2520-438A-AFB5-A47B2C1456CF}"
EndProject
Project("{FAE04EC0-301F-11D3-BF4B-00C04F79EFBC}") = "005_StaticConstructor", "005_StaticConstructor\005_StaticConstructor.csproj", "{0908EFF9-DB2F-4B39-8AD3-B137EB419093}"
EndProject
Project("{FAE04EC0-301F-11D3-BF4B-00C04F79EFBC}") = "006_StaticConstructor", "006_StaticConstructor\006_StaticConstructor.csproj", "{3F54094B-52A3-497C-A40A-4AB3580B1387}"
EndProject
Project("{FAE04EC0-301F-11D3-BF4B-00C04F79EFBC}") = "007_Constructors", "007_Constructors\007_Constructors.csproj", "{2970B32A-2FC6-419B-AD05-75479A82C11C}"
EndProject
Project("{FAE04EC0-301F-11D3-BF4B-00C04F79EFBC}") = "008_AbstractClass", "008_AbstractClass\008_AbstractClass.csproj", "{67B7311A-09D2-41A6-98AA-984A7542AA33}"
EndProject
Global
	GlobalSection(SolutionConfigurationPlatforms) = preSolution
		Debug|Any CPU = Debug|Any CPU
		Release|Any CPU = Release|Any CPU
	EndGlobalSection
	GlobalSection(ProjectConfigurationPlatforms) = postSolution
		{FB765A9B-72E5-4ED2-A5D6-EA827A756BB1}.Debug|Any CPU.ActiveCfg = Debug|Any CPU
		{FB765A9B-72E5-4ED2-A5D6-EA827A756BB1}.Debug|Any CPU.Build.0 = Debug|Any CPU
		{FB765A9B-72E5-4ED2-A5D6-EA827A756BB1}.Release|Any CPU.ActiveCfg = Release|Any CPU
		{FB765A9B-72E5-4ED2-A5D6-EA827A756BB1}.Release|Any CPU.Build.0 = Release|Any CPU
		{B5CDD80B-B77E-49C7-8362-DF8218C41997}.Debug|Any CPU.ActiveCfg = Debug|Any CPU
		{B5CDD80B-B77E-49C7-8362-DF8218C41997}.Debug|Any CPU.Build.0 = Debug|Any CPU
		{B5CDD80B-B77E-49C7-8362-DF8218C41997}.Release|Any CPU.ActiveCfg = Release|Any CPU
		{B5CDD80B-B77E-49C7-8362-DF8218C41997}.Release|Any CPU.Build.0 = Release|Any CPU
		{599F374B-5457-4E7A-9106-396DD336F8E4}.Debug|Any CPU.ActiveCfg = Debug|Any CPU
		{599F374B-5457-4E7A-9106-396DD336F8E4}.Debug|Any CPU.Build.0 = Debug|Any CPU
		{599F374B-5457-4E7A-9106-396DD336F8E4}.Release|Any CPU.ActiveCfg = Release|Any CPU
		{599F374B-5457-4E7A-9106-396DD336F8E4}.Release|Any CPU.Build.0 = Release|Any CPU
		{8A2D4D1B-2520-438A-AFB5-A47B2C1456CF}.Debug|Any CPU.ActiveCfg = Debug|Any CPU
		{8A2D4D1B-2520-438A-AFB5-A47B2C1456CF}.Debug|Any CPU.Build.0 = Debug|Any CPU
		{8A2D4D1B-2520-438A-AFB5-A47B2C1456CF}.Release|Any CPU.ActiveCfg = Release|Any CPU
		{8A2D4D1B-2520-438A-AFB5-A47B2C1456CF}.Release|Any CPU.Build.0 = Release|Any CPU
		{0908EFF9-DB2F-4B39-8AD3-B137EB419093}.Debug|Any CPU.ActiveCfg = Debug|Any CPU
		{0908EFF9-DB2F-4B39-8AD3-B137EB419093}.Debug|Any CPU.Build.0 = Debug|Any CPU
		{0908EFF9-DB2F-4B39-8AD3-B137EB419093}.Release|Any CPU.ActiveCfg = Release|Any CPU
		{0908EFF9-DB2F-4B39-8AD3-B137EB419093}.Release|Any CPU.Build.0 = Release|Any CPU
		{3F54094B-52A3-497C-A40A-4AB3580B1387}.Debug|Any CPU.ActiveCfg = Debug|Any CPU
		{3F54094B-52A3-497C-A40A-4AB3580B1387}.Debug|Any CPU.Build.0 = Debug|Any CPU
		{3F54094B-52A3-497C-A40A-4AB3580B1387}.Release|Any CPU.ActiveCfg = Release|Any CPU
		{3F54094B-52A3-497C-A40A-4AB3580B1387}.Release|Any CPU.Build.0 = Release|Any CPU
		{2970B32A-2FC6-419B-AD05-75479A82C11C}.Debug|Any CPU.ActiveCfg = Debug|Any CPU
		{2970B32A-2FC6-419B-AD05-75479A82C11C}.Debug|Any CPU.Build.0 = Debug|Any CPU
		{2970B32A-2FC6-419B-AD05-75479A82C11C}.Release|Any CPU.ActiveCfg = Release|Any CPU
		{2970B32A-2FC6-419B-AD05-75479A82C11C}.Release|Any CPU.Build.0 = Release|Any CPU
		{67B7311A-09D2-41A6-98AA-984A7542AA33}.Debug|Any CPU.ActiveCfg = Debug|Any CPU
		{67B7311A-09D2-41A6-98AA-984A7542AA33}.Debug|Any CPU.Build.0 = Debug|Any CPU
		{67B7311A-09D2-41A6-98AA-984A7542AA33}.Release|Any CPU.ActiveCfg = Release|Any CPU
		{67B7311A-09D2-41A6-98AA-984A7542AA33}.Release|Any CPU.Build.0 = Release|Any CPU
	EndGlobalSection
	GlobalSection(SolutionProperties) = preSolution
		HideSolutionNode = FALSE
	EndGlobalSection
	GlobalSection(ExtensibilityGlobals) = postSolution
		SolutionGuid = {972D37B7-5502-4B59-ACFF-2C6686CF8373}
	EndGlobalSection
EndGlobal
